
Microsoft Visual Studio Solution File, Format Version 12.00
# Visual Studio Version 17
VisualStudioVersion = 17.0.31903.59
MinimumVisualStudioVersion = 10.0.40219.1
Project("{FAE04EC0-301F-11D3-BF4B-00C04F79EFBC}") = "ApiConsole", "..\ApiConsole\ApiConsole.csproj", "{6E4200E0-AAEC-45BC-9CC4-33433A94DCF9}"
EndProject
Project("{FAE04EC0-301F-11D3-BF4B-00C04F79EFBC}") = "WebApi", "..\WebApi\WebApi.csproj", "{B7A9FD8E-C23C-441C-BF49-F2099DCCD40F}"
EndProject
Global
	GlobalSection(SolutionConfigurationPlatforms) = preSolution
		Debug|Any CPU = Debug|Any CPU
		Release|Any CPU = Release|Any CPU
	EndGlobalSection
	GlobalSection(SolutionProperties) = preSolution
		HideSolutionNode = FALSE
	EndGlobalSection
	GlobalSection(ProjectConfigurationPlatforms) = postSolution
		{6E4200E0-AAEC-45BC-9CC4-33433A94DCF9}.Debug|Any CPU.ActiveCfg = Debug|Any CPU
		{6E4200E0-AAEC-45BC-9CC4-33433A94DCF9}.Debug|Any CPU.Build.0 = Debug|Any CPU
		{6E4200E0-AAEC-45BC-9CC4-33433A94DCF9}.Release|Any CPU.ActiveCfg = Release|Any CPU
		{6E4200E0-AAEC-45BC-9CC4-33433A94DCF9}.Release|Any CPU.Build.0 = Release|Any CPU
		{B7A9FD8E-C23C-441C-BF49-F2099DCCD40F}.Debug|Any CPU.ActiveCfg = Debug|Any CPU
		{B7A9FD8E-C23C-441C-BF49-F2099DCCD40F}.Debug|Any CPU.Build.0 = Debug|Any CPU
		{B7A9FD8E-C23C-441C-BF49-F2099DCCD40F}.Release|Any CPU.ActiveCfg = Release|Any CPU
		{B7A9FD8E-C23C-441C-BF49-F2099DCCD40F}.Release|Any CPU.Build.0 = Release|Any CPU
	EndGlobalSection
EndGlobal
